
Microsoft Visual Studio Solution File, Format Version 12.00
# Visual Studio Version 17
VisualStudioVersion = 17.11.35312.102
MinimumVisualStudioVersion = 10.0.40219.1
Project("{9A19103F-16F7-4668-BE54-9A1E7A4F7556}") = "BuildingBlocks", "BuildingBlocks\BuildingBlocks.csproj", "{F00DF69B-E5F4-4E81-A10F-6D82BD0F854F}"
EndProject
Project("{9A19103F-16F7-4668-BE54-9A1E7A4F7556}") = "ConAppSTD", "ConAppSTD\ConAppSTD.csproj", "{1DB53447-B2D6-446C-B360-C862EFD3E749}"
EndProject
Project("{FAE04EC0-301F-11D3-BF4B-00C04F79EFBC}") = "WinWSc1", "WinWSc1\WinWSc1.csproj", "{37148FE9-151A-40F7-9965-6D7DF110ECF6}"
EndProject
Project("{FAE04EC0-301F-11D3-BF4B-00C04F79EFBC}") = "wModels", "wModels\wModels.csproj", "{C3F322E3-29C2-44D1-BB1E-79657B5A6708}"
EndProject
Project("{9A19103F-16F7-4668-BE54-9A1E7A4F7556}") = "WebApiWS", "WebApiWS\WebApiWS.csproj", "{9F40DD55-768F-4FDD-864A-567B5FEBC8F1}"
EndProject
Global
	GlobalSection(SolutionConfigurationPlatforms) = preSolution
		Debug|Any CPU = Debug|Any CPU
		Release|Any CPU = Release|Any CPU
	EndGlobalSection
	GlobalSection(ProjectConfigurationPlatforms) = postSolution
		{F00DF69B-E5F4-4E81-A10F-6D82BD0F854F}.Debug|Any CPU.ActiveCfg = Debug|Any CPU
		{F00DF69B-E5F4-4E81-A10F-6D82BD0F854F}.Debug|Any CPU.Build.0 = Debug|Any CPU
		{F00DF69B-E5F4-4E81-A10F-6D82BD0F854F}.Release|Any CPU.ActiveCfg = Release|Any CPU
		{F00DF69B-E5F4-4E81-A10F-6D82BD0F854F}.Release|Any CPU.Build.0 = Release|Any CPU
		{1DB53447-B2D6-446C-B360-C862EFD3E749}.Debug|Any CPU.ActiveCfg = Debug|Any CPU
		{1DB53447-B2D6-446C-B360-C862EFD3E749}.Debug|Any CPU.Build.0 = Debug|Any CPU
		{1DB53447-B2D6-446C-B360-C862EFD3E749}.Release|Any CPU.ActiveCfg = Release|Any CPU
		{1DB53447-B2D6-446C-B360-C862EFD3E749}.Release|Any CPU.Build.0 = Release|Any CPU
		{37148FE9-151A-40F7-9965-6D7DF110ECF6}.Debug|Any CPU.ActiveCfg = Debug|Any CPU
		{37148FE9-151A-40F7-9965-6D7DF110ECF6}.Debug|Any CPU.Build.0 = Debug|Any CPU
		{37148FE9-151A-40F7-9965-6D7DF110ECF6}.Release|Any CPU.ActiveCfg = Release|Any CPU
		{37148FE9-151A-40F7-9965-6D7DF110ECF6}.Release|Any CPU.Build.0 = Release|Any CPU
		{C3F322E3-29C2-44D1-BB1E-79657B5A6708}.Debug|Any CPU.ActiveCfg = Debug|Any CPU
		{C3F322E3-29C2-44D1-BB1E-79657B5A6708}.Debug|Any CPU.Build.0 = Debug|Any CPU
		{C3F322E3-29C2-44D1-BB1E-79657B5A6708}.Release|Any CPU.ActiveCfg = Release|Any CPU
		{C3F322E3-29C2-44D1-BB1E-79657B5A6708}.Release|Any CPU.Build.0 = Release|Any CPU
		{9F40DD55-768F-4FDD-864A-567B5FEBC8F1}.Debug|Any CPU.ActiveCfg = Debug|Any CPU
		{9F40DD55-768F-4FDD-864A-567B5FEBC8F1}.Debug|Any CPU.Build.0 = Debug|Any CPU
		{9F40DD55-768F-4FDD-864A-567B5FEBC8F1}.Release|Any CPU.ActiveCfg = Release|Any CPU
		{9F40DD55-768F-4FDD-864A-567B5FEBC8F1}.Release|Any CPU.Build.0 = Release|Any CPU
	EndGlobalSection
	GlobalSection(SolutionProperties) = preSolution
		HideSolutionNode = FALSE
	EndGlobalSection
	GlobalSection(ExtensibilityGlobals) = postSolution
		SolutionGuid = {33497D89-F4CF-4832-8404-AC05B4DA27C2}
	EndGlobalSection
EndGlobal
